
Microsoft Visual Studio Solution File, Format Version 12.00
# Visual Studio 15
VisualStudioVersion = 15.0.26430.16
MinimumVisualStudioVersion = 10.0.40219.1
Project("{9A19103F-16F7-4668-BE54-9A1E7A4F7556}") = "UnitTestExamples.Repository", "UnitTestExamples.Repository\UnitTestExamples.Repository.csproj", "{5669AD40-58FB-4ED0-907B-980321EBCD0A}"
EndProject
Project("{9A19103F-16F7-4668-BE54-9A1E7A4F7556}") = "UnitTestExamples.Calc", "UnitTestExamples.Calc\UnitTestExamples.Calc.csproj", "{88B4707A-AB91-49FF-AF75-466920B8FDF5}"
EndProject
Project("{FAE04EC0-301F-11D3-BF4B-00C04F79EFBC}") = "UnitTestExamples.Calc.Tests", "UnitTestExamples.Calc.Tests\UnitTestExamples.Calc.Tests.csproj", "{706FB726-DEEC-424F-ACE6-298262C1C9B8}"
EndProject
Global
	GlobalSection(SolutionConfigurationPlatforms) = preSolution
		Debug|Any CPU = Debug|Any CPU
		Release|Any CPU = Release|Any CPU
	EndGlobalSection
	GlobalSection(ProjectConfigurationPlatforms) = postSolution
		{5669AD40-58FB-4ED0-907B-980321EBCD0A}.Debug|Any CPU.ActiveCfg = Debug|Any CPU
		{5669AD40-58FB-4ED0-907B-980321EBCD0A}.Debug|Any CPU.Build.0 = Debug|Any CPU
		{5669AD40-58FB-4ED0-907B-980321EBCD0A}.Release|Any CPU.ActiveCfg = Release|Any CPU
		{5669AD40-58FB-4ED0-907B-980321EBCD0A}.Release|Any CPU.Build.0 = Release|Any CPU
		{88B4707A-AB91-49FF-AF75-466920B8FDF5}.Debug|Any CPU.ActiveCfg = Debug|Any CPU
		{88B4707A-AB91-49FF-AF75-466920B8FDF5}.Debug|Any CPU.Build.0 = Debug|Any CPU
		{88B4707A-AB91-49FF-AF75-466920B8FDF5}.Release|Any CPU.ActiveCfg = Release|Any CPU
		{88B4707A-AB91-49FF-AF75-466920B8FDF5}.Release|Any CPU.Build.0 = Release|Any CPU
		{706FB726-DEEC-424F-ACE6-298262C1C9B8}.Debug|Any CPU.ActiveCfg = Debug|Any CPU
		{706FB726-DEEC-424F-ACE6-298262C1C9B8}.Debug|Any CPU.Build.0 = Debug|Any CPU
		{706FB726-DEEC-424F-ACE6-298262C1C9B8}.Release|Any CPU.ActiveCfg = Release|Any CPU
		{706FB726-DEEC-424F-ACE6-298262C1C9B8}.Release|Any CPU.Build.0 = Release|Any CPU
	EndGlobalSection
	GlobalSection(SolutionProperties) = preSolution
		HideSolutionNode = FALSE
	EndGlobalSection
EndGlobal
